
Microsoft Visual Studio Solution File, Format Version 12.00
# Visual Studio Version 16
VisualStudioVersion = 16.0.31515.178
MinimumVisualStudioVersion = 10.0.40219.1
Project("{FAE04EC0-301F-11D3-BF4B-00C04F79EFBC}") = "KFC.Domain", "KFC.Domain\KFC.Domain.csproj", "{1F0E98A6-5E29-4966-8022-94C43EE28FB5}"
EndProject
Project("{FAE04EC0-301F-11D3-BF4B-00C04F79EFBC}") = "KFC.Infrastructure", "KFC.Infrastructure\KFC.Infrastructure.csproj", "{401B54F7-CEF7-4D0A-B7BB-A16FB9A2915C}"
EndProject
Project("{FAE04EC0-301F-11D3-BF4B-00C04F79EFBC}") = "KFC.UI", "KFC.UI\KFC.UI.csproj", "{4BEA3230-2494-42B3-8721-9E14F76FFAA5}"
EndProject
Global
	GlobalSection(SolutionConfigurationPlatforms) = preSolution
		Debug|Any CPU = Debug|Any CPU
		Release|Any CPU = Release|Any CPU
	EndGlobalSection
	GlobalSection(ProjectConfigurationPlatforms) = postSolution
		{1F0E98A6-5E29-4966-8022-94C43EE28FB5}.Debug|Any CPU.ActiveCfg = Debug|Any CPU
		{1F0E98A6-5E29-4966-8022-94C43EE28FB5}.Debug|Any CPU.Build.0 = Debug|Any CPU
		{1F0E98A6-5E29-4966-8022-94C43EE28FB5}.Release|Any CPU.ActiveCfg = Release|Any CPU
		{1F0E98A6-5E29-4966-8022-94C43EE28FB5}.Release|Any CPU.Build.0 = Release|Any CPU
		{401B54F7-CEF7-4D0A-B7BB-A16FB9A2915C}.Debug|Any CPU.ActiveCfg = Debug|Any CPU
		{401B54F7-CEF7-4D0A-B7BB-A16FB9A2915C}.Debug|Any CPU.Build.0 = Debug|Any CPU
		{401B54F7-CEF7-4D0A-B7BB-A16FB9A2915C}.Release|Any CPU.ActiveCfg = Release|Any CPU
		{401B54F7-CEF7-4D0A-B7BB-A16FB9A2915C}.Release|Any CPU.Build.0 = Release|Any CPU
		{4BEA3230-2494-42B3-8721-9E14F76FFAA5}.Debug|Any CPU.ActiveCfg = Debug|Any CPU
		{4BEA3230-2494-42B3-8721-9E14F76FFAA5}.Debug|Any CPU.Build.0 = Debug|Any CPU
		{4BEA3230-2494-42B3-8721-9E14F76FFAA5}.Release|Any CPU.ActiveCfg = Release|Any CPU
		{4BEA3230-2494-42B3-8721-9E14F76FFAA5}.Release|Any CPU.Build.0 = Release|Any CPU
	EndGlobalSection
	GlobalSection(SolutionProperties) = preSolution
		HideSolutionNode = FALSE
	EndGlobalSection
	GlobalSection(ExtensibilityGlobals) = postSolution
		SolutionGuid = {2CB8EEBE-9F6E-4B1D-96B8-A98ACC43377A}
	EndGlobalSection
EndGlobal
